
Microsoft Visual Studio Solution File, Format Version 12.00
# Visual Studio Version 17
VisualStudioVersion = 17.14.36518.9 d17.14
MinimumVisualStudioVersion = 10.0.40219.1
Project("{FAE04EC0-301F-11D3-BF4B-00C04F79EFBC}") = "WpfAppVba", "WpfAppVba\WpfAppVba.csproj", "{BAF01570-459C-4FE8-A951-03A8CFF592F1}"
EndProject
Global
	GlobalSection(SolutionConfigurationPlatforms) = preSolution
		Debug|Any CPU = Debug|Any CPU
		Release|Any CPU = Release|Any CPU
	EndGlobalSection
	GlobalSection(ProjectConfigurationPlatforms) = postSolution
		{BAF01570-459C-4FE8-A951-03A8CFF592F1}.Debug|Any CPU.ActiveCfg = Debug|Any CPU
		{BAF01570-459C-4FE8-A951-03A8CFF592F1}.Debug|Any CPU.Build.0 = Debug|Any CPU
		{BAF01570-459C-4FE8-A951-03A8CFF592F1}.Release|Any CPU.ActiveCfg = Release|Any CPU
		{BAF01570-459C-4FE8-A951-03A8CFF592F1}.Release|Any CPU.Build.0 = Release|Any CPU
	EndGlobalSection
	GlobalSection(SolutionProperties) = preSolution
		HideSolutionNode = FALSE
	EndGlobalSection
	GlobalSection(ExtensibilityGlobals) = postSolution
		SolutionGuid = {098CA82E-AF44-4984-8003-94247051F03C}
	EndGlobalSection
EndGlobal
